<?xml version="1.0" encoding="utf-8"?>
<Project ToolsVersion="4.0" xmlns="http://schemas.microsoft.com/developer/msbuild/2003">
  <ItemGroup>
    <Filter Include="ソース ファイル">
      <UniqueIdentifier>{4FC737F1-C7A5-4376-A066-2A32D752A2FF}</UniqueIdentifier>
      <Extensions>cpp;c;cc;cxx;def;odl;idl;hpj;bat;asm;asmx</Extensions>
    </Filter>
    <Filter Include="ヘッダー ファイル">
      <UniqueIdentifier>{93995380-89BD-4b04-88EB-625FBE52EBFB}</UniqueIdentifier>
      <Extensions>h;hh;hpp;hxx;hm;inl;inc;ipp;xsd</Extensions>
    </Filter>
    <Filter Include="リソース ファイル">
      <UniqueIdentifier>{67DA6AB6-F800-4c08-8B7A-83BB121AAD01}</UniqueIdentifier>
      <Extensions>rc;ico;cur;bmp;dlg;rc2;rct;bin;rgs;gif;jpg;jpeg;jpe;resx;tiff;tif;png;wav;mfcribbon-ms</Extensions>
    </Filter>
    <Filter Include="ソース ファイル\Reversible Panel">
      <UniqueIdentifier>{db69b0b2-72bd-43ae-a11e-98b05377276e}</UniqueIdentifier>
    </Filter>
    <Filter Include="ソース ファイル\関数">
      <UniqueIdentifier>{c1a38eb2-53cd-4f31-a5b8-30a940a698ae}</UniqueIdentifier>
    </Filter>
    <Filter Include="ソース ファイル\Gallery">
      <UniqueIdentifier>{64aac4d5-2e05-4c76-9b46-7f0502b98962}</UniqueIdentifier>
    </Filter>
    <Filter Include="ソース ファイル\Game Select">
      <UniqueIdentifier>{660fd5e8-ffd4-431a-8776-579939fe1101}</UniqueIdentifier>
    </Filter>
    <Filter Include="ソース ファイル\Stage Select">
      <UniqueIdentifier>{24b50ebd-edeb-42d5-821f-ca9ef8aaed5b}</UniqueIdentifier>
    </Filter>
    <Filter Include="ソース ファイル\Mode Select">
      <UniqueIdentifier>{0727af5f-e4d6-44a4-9aea-d2fde8e572e7}</UniqueIdentifier>
    </Filter>
    <Filter Include="ソース ファイル\Game Clear">
      <UniqueIdentifier>{a886abd4-a4e2-4923-ac70-a6e49d18a03b}</UniqueIdentifier>
    </Filter>
    <Filter Include="ソース ファイル\Switch Panel">
      <UniqueIdentifier>{61c42c01-1663-499c-93ba-fefc640db549}</UniqueIdentifier>
    </Filter>
    <Filter Include="ソース ファイル\Switch Select">
      <UniqueIdentifier>{6f1b8cca-ed37-4991-afbc-cfc3c3af76a4}</UniqueIdentifier>
    </Filter>
  </ItemGroup>
  <ItemGroup>
    <ClInclude Include="GameHead.h">
      <Filter>ヘッダー ファイル</Filter>
    </ClInclude>
    <ClInclude Include="main.h">
      <Filter>ヘッダー ファイル</Filter>
    </ClInclude>
    <ClInclude Include="GameL\Audio.h">
      <Filter>リソース ファイル</Filter>
    </ClInclude>
    <ClInclude Include="GameL\DirectXDevice.h">
      <Filter>リソース ファイル</Filter>
    </ClInclude>
    <ClInclude Include="GameL\DrawFont.h">
      <Filter>リソース ファイル</Filter>
    </ClInclude>
    <ClInclude Include="GameL\DrawTexture.h">
      <Filter>リソース ファイル</Filter>
    </ClInclude>
    <ClInclude Include="GameL\HitBoxManager.h">
      <Filter>リソース ファイル</Filter>
    </ClInclude>
    <ClInclude Include="GameL\MultiThread.h">
      <Filter>リソース ファイル</Filter>
    </ClInclude>
    <ClInclude Include="GameL\SceneManager.h">
      <Filter>リソース ファイル</Filter>
    </ClInclude>
    <ClInclude Include="GameL\SceneObjManager.h">
      <Filter>リソース ファイル</Filter>
    </ClInclude>
    <ClInclude Include="GameL\SetWindow.h">
      <Filter>リソース ファイル</Filter>
    </ClInclude>
    <ClInclude Include="GameL\UserData.h">
      <Filter>リソース ファイル</Filter>
    </ClInclude>
    <ClInclude Include="GameL\WinInputs.h">
      <Filter>リソース ファイル</Filter>
    </ClInclude>
    <ClInclude Include="ObjTitle.h">
      <Filter>ソース ファイル</Filter>
    </ClInclude>
    <ClInclude Include="SceneTitle.h">
      <Filter>ソース ファイル</Filter>
    </ClInclude>
    <ClInclude Include="ObjReversibleMain.h">
      <Filter>ソース ファイル\Reversible Panel</Filter>
    </ClInclude>
    <ClInclude Include="SceneReversibleMain.h">
      <Filter>ソース ファイル\Reversible Panel</Filter>
    </ClInclude>
    <ClInclude Include="UtilityModule.h">
      <Filter>ソース ファイル\関数</Filter>
    </ClInclude>
    <ClInclude Include="ObjGallery.h">
      <Filter>ソース ファイル\Gallery</Filter>
    </ClInclude>
    <ClInclude Include="SceneGallery.h">
      <Filter>ソース ファイル\Gallery</Filter>
    </ClInclude>
    <ClInclude Include="ObjGameSelect.h">
      <Filter>ソース ファイル\Game Select</Filter>
    </ClInclude>
    <ClInclude Include="SceneGameSelect.h">
      <Filter>ソース ファイル\Game Select</Filter>
    </ClInclude>
    <ClInclude Include="ObjModeSelect.h">
      <Filter>ソース ファイル\Mode Select</Filter>
    </ClInclude>
    <ClInclude Include="SceneModeSelect.h">
      <Filter>ソース ファイル\Mode Select</Filter>
    </ClInclude>
    <ClInclude Include="SceneGameClear.h">
      <Filter>ソース ファイル\Game Clear</Filter>
    </ClInclude>
    <ClInclude Include="ObjGameClear.h">
      <Filter>ソース ファイル\Game Clear</Filter>
    </ClInclude>
    <ClInclude Include="ObjSwitchMain.h">
      <Filter>ソース ファイル\Switch Panel</Filter>
    </ClInclude>
    <ClInclude Include="SceneSwitchMain.h">
      <Filter>ソース ファイル\Switch Panel</Filter>
    </ClInclude>
    <ClInclude Include="ObjSwitchSelect.h">
      <Filter>ソース ファイル\Switch Select</Filter>
    </ClInclude>
    <ClInclude Include="SceneSwitchSelect.h">
      <Filter>ソース ファイル\Switch Select</Filter>
    </ClInclude>
    <ClInclude Include="ObjReversibleSelect.h">
      <Filter>ソース ファイル\Stage Select</Filter>
    </ClInclude>
    <ClInclude Include="SceneReversibleSelect.h">
      <Filter>ソース ファイル\Stage Select</Filter>
    </ClInclude>
  </ItemGroup>
  <ItemGroup>
    <ClCompile Include="GameL\Audio.cpp">
      <Filter>リソース ファイル</Filter>
    </ClCompile>
    <ClCompile Include="GameL\DirectXDevice.cpp">
      <Filter>リソース ファイル</Filter>
    </ClCompile>
    <ClCompile Include="GameL\Draw2DTex_Source.cpp">
      <Filter>リソース ファイル</Filter>
    </ClCompile>
    <ClCompile Include="GameL\DrawFont.cpp">
      <Filter>リソース ファイル</Filter>
    </ClCompile>
    <ClCompile Include="GameL\DrawTexture.cpp">
      <Filter>リソース ファイル</Filter>
    </ClCompile>
    <ClCompile Include="GameL\GameL_Main.cpp">
      <Filter>リソース ファイル</Filter>
    </ClCompile>
    <ClCompile Include="GameL\HitBoxManager.cpp">
      <Filter>リソース ファイル</Filter>
    </ClCompile>
    <ClCompile Include="GameL\MultiThread.cpp">
      <Filter>リソース ファイル</Filter>
    </ClCompile>
    <ClCompile Include="GameL\SceneManager.cpp">
      <Filter>リソース ファイル</Filter>
    </ClCompile>
    <ClCompile Include="GameL\SceneObjManager.cpp">
      <Filter>リソース ファイル</Filter>
    </ClCompile>
    <ClCompile Include="GameL\SetWindow.cpp">
      <Filter>リソース ファイル</Filter>
    </ClCompile>
    <ClCompile Include="GameL\UserData.cpp">
      <Filter>リソース ファイル</Filter>
    </ClCompile>
    <ClCompile Include="GameL\WinInputs.cpp">
      <Filter>リソース ファイル</Filter>
    </ClCompile>
    <ClCompile Include="ObjTitle.cpp">
      <Filter>ソース ファイル</Filter>
    </ClCompile>
    <ClCompile Include="SceneTitle.cpp">
      <Filter>ソース ファイル</Filter>
    </ClCompile>
    <ClCompile Include="ObjReversibleMain.cpp">
      <Filter>ソース ファイル\Reversible Panel</Filter>
    </ClCompile>
    <ClCompile Include="SceneReversibleMain.cpp">
      <Filter>ソース ファイル\Reversible Panel</Filter>
    </ClCompile>
    <ClCompile Include="UtilityModule.cpp">
      <Filter>ソース ファイル\関数</Filter>
    </ClCompile>
    <ClCompile Include="ObjGallery.cpp">
      <Filter>ソース ファイル\Gallery</Filter>
    </ClCompile>
    <ClCompile Include="SceneGallery.cpp">
      <Filter>ソース ファイル\Gallery</Filter>
    </ClCompile>
    <ClCompile Include="ObjGameSelect.cpp">
      <Filter>ソース ファイル\Game Select</Filter>
    </ClCompile>
    <ClCompile Include="SceneGameSelect.cpp">
      <Filter>ソース ファイル\Game Select</Filter>
    </ClCompile>
    <ClCompile Include="ObjModeSelect.cpp">
      <Filter>ソース ファイル\Mode Select</Filter>
    </ClCompile>
    <ClCompile Include="SceneModeSelect.cpp">
      <Filter>ソース ファイル\Mode Select</Filter>
    </ClCompile>
    <ClCompile Include="SceneGameClear.cpp">
      <Filter>ソース ファイル\Game Clear</Filter>
    </ClCompile>
    <ClCompile Include="ObjGameClear.cpp">
      <Filter>ソース ファイル\Game Clear</Filter>
    </ClCompile>
    <ClCompile Include="ObjSwitchMain.cpp">
      <Filter>ソース ファイル\Switch Panel</Filter>
    </ClCompile>
    <ClCompile Include="SceneSwitchMain.cpp">
      <Filter>ソース ファイル\Switch Panel</Filter>
    </ClCompile>
    <ClCompile Include="ObjSwitchSelect.cpp">
      <Filter>ソース ファイル\Switch Select</Filter>
    </ClCompile>
    <ClCompile Include="SceneSwitchSelect.cpp">
      <Filter>ソース ファイル\Switch Select</Filter>
    </ClCompile>
    <ClCompile Include="ObjReversibleSelect.cpp">
      <Filter>ソース ファイル\Stage Select</Filter>
    </ClCompile>
    <ClCompile Include="SceneReversibleSelect.cpp">
      <Filter>ソース ファイル\Stage Select</Filter>
    </ClCompile>
  </ItemGroup>
</Project>